
Microsoft Visual Studio Solution File, Format Version 10.00
# Visual C# Express 2008
Project("{FAE04EC0-301F-11D3-BF4B-00C04F79EFBC}") = "WoWObjMgr", "WoWObjMgr\WoWObjMgr.csproj", "{F3C0AB44-D268-4FE3-89FD-D86CBA4E79ED}"
EndProject
Global
	GlobalSection(SolutionConfigurationPlatforms) = preSolution
		Debug|Any CPU = Debug|Any CPU
		Release|Any CPU = Release|Any CPU
	EndGlobalSection
	GlobalSection(ProjectConfigurationPlatforms) = postSolution
		{F3C0AB44-D268-4FE3-89FD-D86CBA4E79ED}.Debug|Any CPU.ActiveCfg = Debug|Any CPU
		{F3C0AB44-D268-4FE3-89FD-D86CBA4E79ED}.Debug|Any CPU.Build.0 = Debug|Any CPU
		{F3C0AB44-D268-4FE3-89FD-D86CBA4E79ED}.Release|Any CPU.ActiveCfg = Release|Any CPU
		{F3C0AB44-D268-4FE3-89FD-D86CBA4E79ED}.Release|Any CPU.Build.0 = Release|Any CPU
	EndGlobalSection
	GlobalSection(SolutionProperties) = preSolution
		HideSolutionNode = FALSE
	EndGlobalSection
EndGlobal
